
Microsoft Visual Studio Solution File, Format Version 12.00
# Visual Studio 14
VisualStudioVersion = 14.0.25123.0
MinimumVisualStudioVersion = 10.0.40219.1
Project("{8BC9CEB8-8B4A-11D0-8D11-00A0C91BC942}") = "AutoTest", "AutoTest\AutoTest.vcxproj", "{0D74F20C-C159-420A-A6E9-F1CA82A4CBD2}"
EndProject
Project("{8BC9CEB8-8B4A-11D0-8D11-00A0C91BC942}") = "StringTest", "StringTest\StringTest.vcxproj", "{9513BD7B-0928-494F-B259-48A08577AB93}"
EndProject
Project("{8BC9CEB8-8B4A-11D0-8D11-00A0C91BC942}") = "BinalyTree", "BinalyTree\BinalyTree.vcxproj", "{A3F2A3E2-2F14-4479-BD4C-999A272DF524}"
EndProject
Project("{8BC9CEB8-8B4A-11D0-8D11-00A0C91BC942}") = "InterfaceFactory", "InterfaceFactory\InterfaceFactory.vcxproj", "{6C49011E-A33B-48AE-A302-835181B0A408}"
EndProject
Global
	GlobalSection(SolutionConfigurationPlatforms) = preSolution
		Debug|x64 = Debug|x64
		Debug|x86 = Debug|x86
		Release|x64 = Release|x64
		Release|x86 = Release|x86
	EndGlobalSection
	GlobalSection(ProjectConfigurationPlatforms) = postSolution
		{0D74F20C-C159-420A-A6E9-F1CA82A4CBD2}.Debug|x64.ActiveCfg = Debug|x64
		{0D74F20C-C159-420A-A6E9-F1CA82A4CBD2}.Debug|x64.Build.0 = Debug|x64
		{0D74F20C-C159-420A-A6E9-F1CA82A4CBD2}.Debug|x86.ActiveCfg = Debug|Win32
		{0D74F20C-C159-420A-A6E9-F1CA82A4CBD2}.Debug|x86.Build.0 = Debug|Win32
		{0D74F20C-C159-420A-A6E9-F1CA82A4CBD2}.Release|x64.ActiveCfg = Release|x64
		{0D74F20C-C159-420A-A6E9-F1CA82A4CBD2}.Release|x64.Build.0 = Release|x64
		{0D74F20C-C159-420A-A6E9-F1CA82A4CBD2}.Release|x86.ActiveCfg = Release|Win32
		{0D74F20C-C159-420A-A6E9-F1CA82A4CBD2}.Release|x86.Build.0 = Release|Win32
		{9513BD7B-0928-494F-B259-48A08577AB93}.Debug|x64.ActiveCfg = Debug|x64
		{9513BD7B-0928-494F-B259-48A08577AB93}.Debug|x64.Build.0 = Debug|x64
		{9513BD7B-0928-494F-B259-48A08577AB93}.Debug|x86.ActiveCfg = Debug|Win32
		{9513BD7B-0928-494F-B259-48A08577AB93}.Debug|x86.Build.0 = Debug|Win32
		{9513BD7B-0928-494F-B259-48A08577AB93}.Release|x64.ActiveCfg = Release|x64
		{9513BD7B-0928-494F-B259-48A08577AB93}.Release|x64.Build.0 = Release|x64
		{9513BD7B-0928-494F-B259-48A08577AB93}.Release|x86.ActiveCfg = Release|Win32
		{9513BD7B-0928-494F-B259-48A08577AB93}.Release|x86.Build.0 = Release|Win32
		{A3F2A3E2-2F14-4479-BD4C-999A272DF524}.Debug|x64.ActiveCfg = Debug|x64
		{A3F2A3E2-2F14-4479-BD4C-999A272DF524}.Debug|x64.Build.0 = Debug|x64
		{A3F2A3E2-2F14-4479-BD4C-999A272DF524}.Debug|x86.ActiveCfg = Debug|Win32
		{A3F2A3E2-2F14-4479-BD4C-999A272DF524}.Debug|x86.Build.0 = Debug|Win32
		{A3F2A3E2-2F14-4479-BD4C-999A272DF524}.Release|x64.ActiveCfg = Release|x64
		{A3F2A3E2-2F14-4479-BD4C-999A272DF524}.Release|x64.Build.0 = Release|x64
		{A3F2A3E2-2F14-4479-BD4C-999A272DF524}.Release|x86.ActiveCfg = Release|Win32
		{A3F2A3E2-2F14-4479-BD4C-999A272DF524}.Release|x86.Build.0 = Release|Win32
		{6C49011E-A33B-48AE-A302-835181B0A408}.Debug|x64.ActiveCfg = Debug|x64
		{6C49011E-A33B-48AE-A302-835181B0A408}.Debug|x64.Build.0 = Debug|x64
		{6C49011E-A33B-48AE-A302-835181B0A408}.Debug|x86.ActiveCfg = Debug|Win32
		{6C49011E-A33B-48AE-A302-835181B0A408}.Debug|x86.Build.0 = Debug|Win32
		{6C49011E-A33B-48AE-A302-835181B0A408}.Release|x64.ActiveCfg = Release|x64
		{6C49011E-A33B-48AE-A302-835181B0A408}.Release|x64.Build.0 = Release|x64
		{6C49011E-A33B-48AE-A302-835181B0A408}.Release|x86.ActiveCfg = Release|Win32
		{6C49011E-A33B-48AE-A302-835181B0A408}.Release|x86.Build.0 = Release|Win32
	EndGlobalSection
	GlobalSection(SolutionProperties) = preSolution
		HideSolutionNode = FALSE
	EndGlobalSection
EndGlobal
